// !$*UTF8*$!
{
	archiveVersion = 1;
	classes = {
	};
	objectVersion = 51;
	objects = {

/* Begin PBXBuildFile section */
		2F989F3CB858442C06FF55E4 /* Pods_ToDoAppWithMVVMAndCA.framework in Frameworks */ = {isa = PBXBuildFile; fileRef = 8F19961942D2ED22396C6913 /* Pods_ToDoAppWithMVVMAndCA.framework */; };
		ABEB845A267E1F250044414B /* AppDelegate.swift in Sources */ = {isa = PBXBuildFile; fileRef = ABEB8459267E1F250044414B /* AppDelegate.swift */; };
		ABEB845C267E1F250044414B /* SceneDelegate.swift in Sources */ = {isa = PBXBuildFile; fileRef = ABEB845B267E1F250044414B /* SceneDelegate.swift */; };
		ABEB845E267E1F250044414B /* TaskViewController.swift in Sources */ = {isa = PBXBuildFile; fileRef = ABEB845D267E1F250044414B /* TaskViewController.swift */; };
		ABEB8463267E1F290044414B /* Assets.xcassets in Resources */ = {isa = PBXBuildFile; fileRef = ABEB8462267E1F290044414B /* Assets.xcassets */; };
		ABEB8466267E1F290044414B /* LaunchScreen.storyboard in Resources */ = {isa = PBXBuildFile; fileRef = ABEB8464267E1F290044414B /* LaunchScreen.storyboard */; };
		ABEB846F267E230E0044414B /* TaskTableViewCell.swift in Sources */ = {isa = PBXBuildFile; fileRef = ABEB846D267E230E0044414B /* TaskTableViewCell.swift */; };
		ABEB8470267E230E0044414B /* TaskTableViewCell.xib in Resources */ = {isa = PBXBuildFile; fileRef = ABEB846E267E230E0044414B /* TaskTableViewCell.xib */; };
		ABEB8478267E29540044414B /* Task.swift in Sources */ = {isa = PBXBuildFile; fileRef = ABEB8477267E29540044414B /* Task.swift */; };
		ABEB847A267E2B180044414B /* AdditionalTaskViewController.swift in Sources */ = {isa = PBXBuildFile; fileRef = ABEB8479267E2B180044414B /* AdditionalTaskViewController.swift */; };
		ABEB847C267E2B250044414B /* Task.storyboard in Resources */ = {isa = PBXBuildFile; fileRef = ABEB847B267E2B250044414B /* Task.storyboard */; };
		ABEB847E267E2B2E0044414B /* AdditionalTask.storyboard in Resources */ = {isa = PBXBuildFile; fileRef = ABEB847D267E2B2E0044414B /* AdditionalTask.storyboard */; };
		ABEB8482267E2C5D0044414B /* EditTaskViewController.swift in Sources */ = {isa = PBXBuildFile; fileRef = ABEB8481267E2C5D0044414B /* EditTaskViewController.swift */; };
		ABEB8484267E2C630044414B /* EditTask.storyboard in Resources */ = {isa = PBXBuildFile; fileRef = ABEB8483267E2C630044414B /* EditTask.storyboard */; };
		ABEB848C267E4E880044414B /* TaskDataStore.swift in Sources */ = {isa = PBXBuildFile; fileRef = ABEB848B267E4E880044414B /* TaskDataStore.swift */; };
		ABEB848E267E4EC40044414B /* TaskUseCase.swift in Sources */ = {isa = PBXBuildFile; fileRef = ABEB848D267E4EC40044414B /* TaskUseCase.swift */; };
		ABEB8490267E4ED40044414B /* TaskRepository.swift in Sources */ = {isa = PBXBuildFile; fileRef = ABEB848F267E4ED40044414B /* TaskRepository.swift */; };
/* End PBXBuildFile section */

/* Begin PBXFileReference section */
		353E045C2EB69D3B3960C030 /* Pods-ToDoAppWithMVVMAndCA.debug.xcconfig */ = {isa = PBXFileReference; includeInIndex = 1; lastKnownFileType = text.xcconfig; name = "Pods-ToDoAppWithMVVMAndCA.debug.xcconfig"; path = "Target Support Files/Pods-ToDoAppWithMVVMAndCA/Pods-ToDoAppWithMVVMAndCA.debug.xcconfig"; sourceTree = "<group>"; };
		8F19961942D2ED22396C6913 /* Pods_ToDoAppWithMVVMAndCA.framework */ = {isa = PBXFileReference; explicitFileType = wrapper.framework; includeInIndex = 0; path = Pods_ToDoAppWithMVVMAndCA.framework; sourceTree = BUILT_PRODUCTS_DIR; };
		ABEB8456267E1F250044414B /* ToDoAppWithMVVMAndCA.app */ = {isa = PBXFileReference; explicitFileType = wrapper.application; includeInIndex = 0; path = ToDoAppWithMVVMAndCA.app; sourceTree = BUILT_PRODUCTS_DIR; };
		ABEB8459267E1F250044414B /* AppDelegate.swift */ = {isa = PBXFileReference; lastKnownFileType = sourcecode.swift; path = AppDelegate.swift; sourceTree = "<group>"; };
		ABEB845B267E1F250044414B /* SceneDelegate.swift */ = {isa = PBXFileReference; lastKnownFileType = sourcecode.swift; path = SceneDelegate.swift; sourceTree = "<group>"; };
		ABEB845D267E1F250044414B /* TaskViewController.swift */ = {isa = PBXFileReference; lastKnownFileType = sourcecode.swift; path = TaskViewController.swift; sourceTree = "<group>"; };
		ABEB8462267E1F290044414B /* Assets.xcassets */ = {isa = PBXFileReference; lastKnownFileType = folder.assetcatalog; path = Assets.xcassets; sourceTree = "<group>"; };
		ABEB8465267E1F290044414B /* Base */ = {isa = PBXFileReference; lastKnownFileType = file.storyboard; name = Base; path = Base.lproj/LaunchScreen.storyboard; sourceTree = "<group>"; };
		ABEB8467267E1F290044414B /* Info.plist */ = {isa = PBXFileReference; lastKnownFileType = text.plist.xml; path = Info.plist; sourceTree = "<group>"; };
		ABEB846D267E230E0044414B /* TaskTableViewCell.swift */ = {isa = PBXFileReference; lastKnownFileType = sourcecode.swift; path = TaskTableViewCell.swift; sourceTree = "<group>"; };
		ABEB846E267E230E0044414B /* TaskTableViewCell.xib */ = {isa = PBXFileReference; lastKnownFileType = file.xib; path = TaskTableViewCell.xib; sourceTree = "<group>"; };
		ABEB8477267E29540044414B /* Task.swift */ = {isa = PBXFileReference; lastKnownFileType = sourcecode.swift; path = Task.swift; sourceTree = "<group>"; };
		ABEB8479267E2B180044414B /* AdditionalTaskViewController.swift */ = {isa = PBXFileReference; lastKnownFileType = sourcecode.swift; path = AdditionalTaskViewController.swift; sourceTree = "<group>"; };
		ABEB847B267E2B250044414B /* Task.storyboard */ = {isa = PBXFileReference; lastKnownFileType = file.storyboard; path = Task.storyboard; sourceTree = "<group>"; };
		ABEB847D267E2B2E0044414B /* AdditionalTask.storyboard */ = {isa = PBXFileReference; lastKnownFileType = file.storyboard; path = AdditionalTask.storyboard; sourceTree = "<group>"; };
		ABEB8481267E2C5D0044414B /* EditTaskViewController.swift */ = {isa = PBXFileReference; lastKnownFileType = sourcecode.swift; path = EditTaskViewController.swift; sourceTree = "<group>"; };
		ABEB8483267E2C630044414B /* EditTask.storyboard */ = {isa = PBXFileReference; lastKnownFileType = file.storyboard; path = EditTask.storyboard; sourceTree = "<group>"; };
		ABEB848B267E4E880044414B /* TaskDataStore.swift */ = {isa = PBXFileReference; lastKnownFileType = sourcecode.swift; path = TaskDataStore.swift; sourceTree = "<group>"; };
		ABEB848D267E4EC40044414B /* TaskUseCase.swift */ = {isa = PBXFileReference; lastKnownFileType = sourcecode.swift; path = TaskUseCase.swift; sourceTree = "<group>"; };
		ABEB848F267E4ED40044414B /* TaskRepository.swift */ = {isa = PBXFileReference; lastKnownFileType = sourcecode.swift; path = TaskRepository.swift; sourceTree = "<group>"; };
		CA4F2AF0FD79D371A874DFCC /* Pods-ToDoAppWithMVVMAndCA.release.xcconfig */ = {isa = PBXFileReference; includeInIndex = 1; lastKnownFileType = text.xcconfig; name = "Pods-ToDoAppWithMVVMAndCA.release.xcconfig"; path = "Target Support Files/Pods-ToDoAppWithMVVMAndCA/Pods-ToDoAppWithMVVMAndCA.release.xcconfig"; sourceTree = "<group>"; };
/* End PBXFileReference section */

/* Begin PBXFrameworksBuildPhase section */
		ABEB8453267E1F250044414B /* Frameworks */ = {
			isa = PBXFrameworksBuildPhase;
			buildActionMask = 2147483647;
			files = (
				2F989F3CB858442C06FF55E4 /* Pods_ToDoAppWithMVVMAndCA.framework in Frameworks */,
			);
			runOnlyForDeploymentPostprocessing = 0;
		};
/* End PBXFrameworksBuildPhase section */

/* Begin PBXGroup section */
		0725BC3104BE73135D8FE94C /* Pods */ = {
			isa = PBXGroup;
			children = (
				353E045C2EB69D3B3960C030 /* Pods-ToDoAppWithMVVMAndCA.debug.xcconfig */,
				CA4F2AF0FD79D371A874DFCC /* Pods-ToDoAppWithMVVMAndCA.release.xcconfig */,
			);
			path = Pods;
			sourceTree = "<group>";
		};
		75A48DD8FE1EBB85503096A0 /* Frameworks */ = {
			isa = PBXGroup;
			children = (
				8F19961942D2ED22396C6913 /* Pods_ToDoAppWithMVVMAndCA.framework */,
			);
			name = Frameworks;
			sourceTree = "<group>";
		};
		ABEB844D267E1F250044414B = {
			isa = PBXGroup;
			children = (
				ABEB8458267E1F250044414B /* ToDoAppWithMVVMAndCA */,
				ABEB8457267E1F250044414B /* Products */,
				0725BC3104BE73135D8FE94C /* Pods */,
				75A48DD8FE1EBB85503096A0 /* Frameworks */,
			);
			sourceTree = "<group>";
		};
		ABEB8457267E1F250044414B /* Products */ = {
			isa = PBXGroup;
			children = (
				ABEB8456267E1F250044414B /* ToDoAppWithMVVMAndCA.app */,
			);
			name = Products;
			sourceTree = "<group>";
		};
		ABEB8458267E1F250044414B /* ToDoAppWithMVVMAndCA */ = {
			isa = PBXGroup;
			children = (
				ABEB8473267E231E0044414B /* Models */,
				ABEB8471267E23130044414B /* Views */,
				ABEB8472267E23170044414B /* Controllers */,
				ABEB8459267E1F250044414B /* AppDelegate.swift */,
				ABEB845B267E1F250044414B /* SceneDelegate.swift */,
				ABEB8462267E1F290044414B /* Assets.xcassets */,
				ABEB8464267E1F290044414B /* LaunchScreen.storyboard */,
				ABEB8467267E1F290044414B /* Info.plist */,
			);
			path = ToDoAppWithMVVMAndCA;
			sourceTree = "<group>";
		};
		ABEB8471267E23130044414B /* Views */ = {
			isa = PBXGroup;
			children = (
				ABEB847F267E2BBE0044414B /* Storyboards */,
				ABEB8475267E23520044414B /* Cells */,
			);
			path = Views;
			sourceTree = "<group>";
		};
		ABEB8472267E23170044414B /* Controllers */ = {
			isa = PBXGroup;
			children = (
				ABEB845D267E1F250044414B /* TaskViewController.swift */,
				ABEB8479267E2B180044414B /* AdditionalTaskViewController.swift */,
				ABEB8481267E2C5D0044414B /* EditTaskViewController.swift */,
			);
			path = Controllers;
			sourceTree = "<group>";
		};
		ABEB8473267E231E0044414B /* Models */ = {
			isa = PBXGroup;
			children = (
				ABEB8488267E4E070044414B /* Entities */,
				ABEB8487267E4DE00044414B /* DataStores */,
				ABEB8485267E4DB60044414B /* Repositories */,
				ABEB8486267E4DC40044414B /* UseCases */,
			);
			path = Models;
			sourceTree = "<group>";
		};
		ABEB8475267E23520044414B /* Cells */ = {
			isa = PBXGroup;
			children = (
				ABEB846D267E230E0044414B /* TaskTableViewCell.swift */,
				ABEB846E267E230E0044414B /* TaskTableViewCell.xib */,
			);
			path = Cells;
			sourceTree = "<group>";
		};
		ABEB847F267E2BBE0044414B /* Storyboards */ = {
			isa = PBXGroup;
			children = (
				ABEB847B267E2B250044414B /* Task.storyboard */,
				ABEB847D267E2B2E0044414B /* AdditionalTask.storyboard */,
				ABEB8483267E2C630044414B /* EditTask.storyboard */,
			);
			path = Storyboards;
			sourceTree = "<group>";
		};
		ABEB8485267E4DB60044414B /* Repositories */ = {
			isa = PBXGroup;
			children = (
				ABEB848F267E4ED40044414B /* TaskRepository.swift */,
			);
			path = Repositories;
			sourceTree = "<group>";
		};
		ABEB8486267E4DC40044414B /* UseCases */ = {
			isa = PBXGroup;
			children = (
				ABEB848D267E4EC40044414B /* TaskUseCase.swift */,
			);
			path = UseCases;
			sourceTree = "<group>";
		};
		ABEB8487267E4DE00044414B /* DataStores */ = {
			isa = PBXGroup;
			children = (
				ABEB848B267E4E880044414B /* TaskDataStore.swift */,
			);
			path = DataStores;
			sourceTree = "<group>";
		};
		ABEB8488267E4E070044414B /* Entities */ = {
			isa = PBXGroup;
			children = (
				ABEB8477267E29540044414B /* Task.swift */,
			);
			path = Entities;
			sourceTree = "<group>";
		};
/* End PBXGroup section */

/* Begin PBXNativeTarget section */
		ABEB8455267E1F250044414B /* ToDoAppWithMVVMAndCA */ = {
			isa = PBXNativeTarget;
			buildConfigurationList = ABEB846A267E1F290044414B /* Build configuration list for PBXNativeTarget "ToDoAppWithMVVMAndCA" */;
			buildPhases = (
				250A905065D62164CD3C3527 /* [CP] Check Pods Manifest.lock */,
				ABEB8452267E1F250044414B /* Sources */,
				ABEB8453267E1F250044414B /* Frameworks */,
				ABEB8454267E1F250044414B /* Resources */,
				35DDAE822AFB0C2408BA75D5 /* [CP] Embed Pods Frameworks */,
			);
			buildRules = (
			);
			dependencies = (
			);
			name = ToDoAppWithMVVMAndCA;
			productName = ToDoAppWithMVVMAndCA;
			productReference = ABEB8456267E1F250044414B /* ToDoAppWithMVVMAndCA.app */;
			productType = "com.apple.product-type.application";
		};
/* End PBXNativeTarget section */

/* Begin PBXProject section */
		ABEB844E267E1F250044414B /* Project object */ = {
			isa = PBXProject;
			attributes = {
				LastSwiftUpdateCheck = 1250;
				LastUpgradeCheck = 1250;
				TargetAttributes = {
					ABEB8455267E1F250044414B = {
						CreatedOnToolsVersion = 12.5;
					};
				};
			};
			buildConfigurationList = ABEB8451267E1F250044414B /* Build configuration list for PBXProject "ToDoAppWithMVVMAndCA" */;
			compatibilityVersion = "Xcode 9.3";
			developmentRegion = en;
			hasScannedForEncodings = 0;
			knownRegions = (
				en,
				Base,
			);
			mainGroup = ABEB844D267E1F250044414B;
			productRefGroup = ABEB8457267E1F250044414B /* Products */;
			projectDirPath = "";
			projectRoot = "";
			targets = (
				ABEB8455267E1F250044414B /* ToDoAppWithMVVMAndCA */,
			);
		};
/* End PBXProject section */

/* Begin PBXResourcesBuildPhase section */
		ABEB8454267E1F250044414B /* Resources */ = {
			isa = PBXResourcesBuildPhase;
			buildActionMask = 2147483647;
			files = (
				ABEB847C267E2B250044414B /* Task.storyboard in Resources */,
				ABEB8470267E230E0044414B /* TaskTableViewCell.xib in Resources */,
				ABEB8466267E1F290044414B /* LaunchScreen.storyboard in Resources */,
				ABEB8463267E1F290044414B /* Assets.xcassets in Resources */,
				ABEB8484267E2C630044414B /* EditTask.storyboard in Resources */,
				ABEB847E267E2B2E0044414B /* AdditionalTask.storyboard in Resources */,
			);
			runOnlyForDeploymentPostprocessing = 0;
		};
/* End PBXResourcesBuildPhase section */

/* Begin PBXShellScriptBuildPhase section */
		250A905065D62164CD3C3527 /* [CP] Check Pods Manifest.lock */ = {
			isa = PBXShellScriptBuildPhase;
			buildActionMask = 2147483647;
			files = (
			);
			inputFileListPaths = (
			);
			inputPaths = (
				"${PODS_PODFILE_DIR_PATH}/Podfile.lock",
				"${PODS_ROOT}/Manifest.lock",
			);
			name = "[CP] Check Pods Manifest.lock";
			outputFileListPaths = (
			);
			outputPaths = (
				"$(DERIVED_FILE_DIR)/Pods-ToDoAppWithMVVMAndCA-checkManifestLockResult.txt",
			);
			runOnlyForDeploymentPostprocessing = 0;
			shellPath = /bin/sh;
			shellScript = "diff \"${PODS_PODFILE_DIR_PATH}/Podfile.lock\" \"${PODS_ROOT}/Manifest.lock\" > /dev/null\nif [ $? != 0 ] ; then\n    # print error to STDERR\n    echo \"error: The sandbox is not in sync with the Podfile.lock. Run 'pod install' or update your CocoaPods installation.\" >&2\n    exit 1\nfi\n# This output is used by Xcode 'outputs' to avoid re-running this script phase.\necho \"SUCCESS\" > \"${SCRIPT_OUTPUT_FILE_0}\"\n";
			showEnvVarsInLog = 0;
		};
		35DDAE822AFB0C2408BA75D5 /* [CP] Embed Pods Frameworks */ = {
			isa = PBXShellScriptBuildPhase;
			buildActionMask = 2147483647;
			files = (
			);
			inputFileListPaths = (
				"${PODS_ROOT}/Target Support Files/Pods-ToDoAppWithMVVMAndCA/Pods-ToDoAppWithMVVMAndCA-frameworks-${CONFIGURATION}-input-files.xcfilelist",
			);
			name = "[CP] Embed Pods Frameworks";
			outputFileListPaths = (
				"${PODS_ROOT}/Target Support Files/Pods-ToDoAppWithMVVMAndCA/Pods-ToDoAppWithMVVMAndCA-frameworks-${CONFIGURATION}-output-files.xcfilelist",
			);
			runOnlyForDeploymentPostprocessing = 0;
			shellPath = /bin/sh;
			shellScript = "\"${PODS_ROOT}/Target Support Files/Pods-ToDoAppWithMVVMAndCA/Pods-ToDoAppWithMVVMAndCA-frameworks.sh\"\n";
			showEnvVarsInLog = 0;
		};
/* End PBXShellScriptBuildPhase section */

/* Begin PBXSourcesBuildPhase section */
		ABEB8452267E1F250044414B /* Sources */ = {
			isa = PBXSourcesBuildPhase;
			buildActionMask = 2147483647;
			files = (
				ABEB848E267E4EC40044414B /* TaskUseCase.swift in Sources */,
				ABEB846F267E230E0044414B /* TaskTableViewCell.swift in Sources */,
				ABEB845E267E1F250044414B /* TaskViewController.swift in Sources */,
				ABEB847A267E2B180044414B /* AdditionalTaskViewController.swift in Sources */,
				ABEB8490267E4ED40044414B /* TaskRepository.swift in Sources */,
				ABEB8478267E29540044414B /* Task.swift in Sources */,
				ABEB845A267E1F250044414B /* AppDelegate.swift in Sources */,
				ABEB845C267E1F250044414B /* SceneDelegate.swift in Sources */,
				ABEB8482267E2C5D0044414B /* EditTaskViewController.swift in Sources */,
				ABEB848C267E4E880044414B /* TaskDataStore.swift in Sources */,
			);
			runOnlyForDeploymentPostprocessing = 0;
		};
/* End PBXSourcesBuildPhase section */

/* Begin PBXVariantGroup section */
		ABEB8464267E1F290044414B /* LaunchScreen.storyboard */ = {
			isa = PBXVariantGroup;
			children = (
				ABEB8465267E1F290044414B /* Base */,
			);
			name = LaunchScreen.storyboard;
			sourceTree = "<group>";
		};
/* End PBXVariantGroup section */

/* Begin XCBuildConfiguration section */
		ABEB8468267E1F290044414B /* Debug */ = {
			isa = XCBuildConfiguration;
			buildSettings = {
				ALWAYS_SEARCH_USER_PATHS = NO;
				CLANG_ANALYZER_NONNULL = YES;
				CLANG_ANALYZER_NUMBER_OBJECT_CONVERSION = YES_AGGRESSIVE;
				CLANG_CXX_LANGUAGE_STANDARD = "gnu++14";
				CLANG_CXX_LIBRARY = "libc++";
				CLANG_ENABLE_MODULES = YES;
				CLANG_ENABLE_OBJC_ARC = YES;
				CLANG_ENABLE_OBJC_WEAK = YES;
				CLANG_WARN_BLOCK_CAPTURE_AUTORELEASING = YES;
				CLANG_WARN_BOOL_CONVERSION = YES;
				CLANG_WARN_COMMA = YES;
				CLANG_WARN_CONSTANT_CONVERSION = YES;
				CLANG_WARN_DEPRECATED_OBJC_IMPLEMENTATIONS = YES;
				CLANG_WARN_DIRECT_OBJC_ISA_USAGE = YES_ERROR;
				CLANG_WARN_DOCUMENTATION_COMMENTS = YES;
				CLANG_WARN_EMPTY_BODY = YES;
				CLANG_WARN_ENUM_CONVERSION = YES;
				CLANG_WARN_INFINITE_RECURSION = YES;
				CLANG_WARN_INT_CONVERSION = YES;
				CLANG_WARN_NON_LITERAL_NULL_CONVERSION = YES;
				CLANG_WARN_OBJC_IMPLICIT_RETAIN_SELF = YES;
				CLANG_WARN_OBJC_LITERAL_CONVERSION = YES;
				CLANG_WARN_OBJC_ROOT_CLASS = YES_ERROR;
				CLANG_WARN_QUOTED_INCLUDE_IN_FRAMEWORK_HEADER = YES;
				CLANG_WARN_RANGE_LOOP_ANALYSIS = YES;
				CLANG_WARN_STRICT_PROTOTYPES = YES;
				CLANG_WARN_SUSPICIOUS_MOVE = YES;
				CLANG_WARN_UNGUARDED_AVAILABILITY = YES_AGGRESSIVE;
				CLANG_WARN_UNREACHABLE_CODE = YES;
				CLANG_WARN__DUPLICATE_METHOD_MATCH = YES;
				COPY_PHASE_STRIP = NO;
				DEBUG_INFORMATION_FORMAT = dwarf;
				ENABLE_STRICT_OBJC_MSGSEND = YES;
				ENABLE_TESTABILITY = YES;
				GCC_C_LANGUAGE_STANDARD = gnu11;
				GCC_DYNAMIC_NO_PIC = NO;
				GCC_NO_COMMON_BLOCKS = YES;
				GCC_OPTIMIZATION_LEVEL = 0;
				GCC_PREPROCESSOR_DEFINITIONS = (
					"DEBUG=1",
					"$(inherited)",
				);
				GCC_WARN_64_TO_32_BIT_CONVERSION = YES;
				GCC_WARN_ABOUT_RETURN_TYPE = YES_ERROR;
				GCC_WARN_UNDECLARED_SELECTOR = YES;
				GCC_WARN_UNINITIALIZED_AUTOS = YES_AGGRESSIVE;
				GCC_WARN_UNUSED_FUNCTION = YES;
				GCC_WARN_UNUSED_VARIABLE = YES;
				IPHONEOS_DEPLOYMENT_TARGET = 14.5;
				MTL_ENABLE_DEBUG_INFO = INCLUDE_SOURCE;
				MTL_FAST_MATH = YES;
				ONLY_ACTIVE_ARCH = YES;
				SDKROOT = iphoneos;
				SWIFT_ACTIVE_COMPILATION_CONDITIONS = DEBUG;
				SWIFT_OPTIMIZATION_LEVEL = "-Onone";
			};
			name = Debug;
		};
		ABEB8469267E1F290044414B /* Release */ = {
			isa = XCBuildConfiguration;
			buildSettings = {
				ALWAYS_SEARCH_USER_PATHS = NO;
				CLANG_ANALYZER_NONNULL = YES;
				CLANG_ANALYZER_NUMBER_OBJECT_CONVERSION = YES_AGGRESSIVE;
				CLANG_CXX_LANGUAGE_STANDARD = "gnu++14";
				CLANG_CXX_LIBRARY = "libc++";
				CLANG_ENABLE_MODULES = YES;
				CLANG_ENABLE_OBJC_ARC = YES;
				CLANG_ENABLE_OBJC_WEAK = YES;
				CLANG_WARN_BLOCK_CAPTURE_AUTORELEASING = YES;
				CLANG_WARN_BOOL_CONVERSION = YES;
				CLANG_WARN_COMMA = YES;
				CLANG_WARN_CONSTANT_CONVERSION = YES;
				CLANG_WARN_DEPRECATED_OBJC_IMPLEMENTATIONS = YES;
				CLANG_WARN_DIRECT_OBJC_ISA_USAGE = YES_ERROR;
				CLANG_WARN_DOCUMENTATION_COMMENTS = YES;
				CLANG_WARN_EMPTY_BODY = YES;
				CLANG_WARN_ENUM_CONVERSION = YES;
				CLANG_WARN_INFINITE_RECURSION = YES;
				CLANG_WARN_INT_CONVERSION = YES;
				CLANG_WARN_NON_LITERAL_NULL_CONVERSION = YES;
				CLANG_WARN_OBJC_IMPLICIT_RETAIN_SELF = YES;
				CLANG_WARN_OBJC_LITERAL_CONVERSION = YES;
				CLANG_WARN_OBJC_ROOT_CLASS = YES_ERROR;
				CLANG_WARN_QUOTED_INCLUDE_IN_FRAMEWORK_HEADER = YES;
				CLANG_WARN_RANGE_LOOP_ANALYSIS = YES;
				CLANG_WARN_STRICT_PROTOTYPES = YES;
				CLANG_WARN_SUSPICIOUS_MOVE = YES;
				CLANG_WARN_UNGUARDED_AVAILABILITY = YES_AGGRESSIVE;
				CLANG_WARN_UNREACHABLE_CODE = YES;
				CLANG_WARN__DUPLICATE_METHOD_MATCH = YES;
				COPY_PHASE_STRIP = NO;
				DEBUG_INFORMATION_FORMAT = "dwarf-with-dsym";
				ENABLE_NS_ASSERTIONS = NO;
				ENABLE_STRICT_OBJC_MSGSEND = YES;
				GCC_C_LANGUAGE_STANDARD = gnu11;
				GCC_NO_COMMON_BLOCKS = YES;
				GCC_WARN_64_TO_32_BIT_CONVERSION = YES;
				GCC_WARN_ABOUT_RETURN_TYPE = YES_ERROR;
				GCC_WARN_UNDECLARED_SELECTOR = YES;
				GCC_WARN_UNINITIALIZED_AUTOS = YES_AGGRESSIVE;
				GCC_WARN_UNUSED_FUNCTION = YES;
				GCC_WARN_UNUSED_VARIABLE = YES;
				IPHONEOS_DEPLOYMENT_TARGET = 14.5;
				MTL_ENABLE_DEBUG_INFO = NO;
				MTL_FAST_MATH = YES;
				SDKROOT = iphoneos;
				SWIFT_COMPILATION_MODE = wholemodule;
				SWIFT_OPTIMIZATION_LEVEL = "-O";
				VALIDATE_PRODUCT = YES;
			};
			name = Release;
		};
		ABEB846B267E1F290044414B /* Debug */ = {
			isa = XCBuildConfiguration;
			baseConfigurationReference = 353E045C2EB69D3B3960C030 /* Pods-ToDoAppWithMVVMAndCA.debug.xcconfig */;
			buildSettings = {
				ASSETCATALOG_COMPILER_APPICON_NAME = AppIcon;
				ASSETCATALOG_COMPILER_GLOBAL_ACCENT_COLOR_NAME = AccentColor;
				CODE_SIGN_STYLE = Automatic;
				DEVELOPMENT_TEAM = 242KS3V77L;
				INFOPLIST_FILE = ToDoAppWithMVVMAndCA/Info.plist;
				LD_RUNPATH_SEARCH_PATHS = (
					"$(inherited)",
					"@executable_path/Frameworks",
				);
				PRODUCT_BUNDLE_IDENTIFIER = oonishireon.ToDoAppWithMVVMAndCA;
				PRODUCT_NAME = "$(TARGET_NAME)";
				SWIFT_VERSION = 5.0;
				TARGETED_DEVICE_FAMILY = "1,2";
			};
			name = Debug;
		};
		ABEB846C267E1F290044414B /* Release */ = {
			isa = XCBuildConfiguration;
			baseConfigurationReference = CA4F2AF0FD79D371A874DFCC /* Pods-ToDoAppWithMVVMAndCA.release.xcconfig */;
			buildSettings = {
				ASSETCATALOG_COMPILER_APPICON_NAME = AppIcon;
				ASSETCATALOG_COMPILER_GLOBAL_ACCENT_COLOR_NAME = AccentColor;
				CODE_SIGN_STYLE = Automatic;
				DEVELOPMENT_TEAM = 242KS3V77L;
				INFOPLIST_FILE = ToDoAppWithMVVMAndCA/Info.plist;
				LD_RUNPATH_SEARCH_PATHS = (
					"$(inherited)",
					"@executable_path/Frameworks",
				);
				PRODUCT_BUNDLE_IDENTIFIER = oonishireon.ToDoAppWithMVVMAndCA;
				PRODUCT_NAME = "$(TARGET_NAME)";
				SWIFT_VERSION = 5.0;
				TARGETED_DEVICE_FAMILY = "1,2";
			};
			name = Release;
		};
/* End XCBuildConfiguration section */

/* Begin XCConfigurationList section */
		ABEB8451267E1F250044414B /* Build configuration list for PBXProject "ToDoAppWithMVVMAndCA" */ = {
			isa = XCConfigurationList;
			buildConfigurations = (
				ABEB8468267E1F290044414B /* Debug */,
				ABEB8469267E1F290044414B /* Release */,
			);
			defaultConfigurationIsVisible = 0;
			defaultConfigurationName = Release;
		};
		ABEB846A267E1F290044414B /* Build configuration list for PBXNativeTarget "ToDoAppWithMVVMAndCA" */ = {
			isa = XCConfigurationList;
			buildConfigurations = (
				ABEB846B267E1F290044414B /* Debug */,
				ABEB846C267E1F290044414B /* Release */,
			);
			defaultConfigurationIsVisible = 0;
			defaultConfigurationName = Release;
		};
/* End XCConfigurationList section */
	};
	rootObject = ABEB844E267E1F250044414B /* Project object */;
}
